
Microsoft Visual Studio Solution File, Format Version 12.00
Project("{FAE04EC0-301F-11D3-BF4B-00C04F79EFBC}") = "Mouser", "Mouser\Mouser.csproj", "{C7187035-3A09-40AF-B3B7-D14FD32ADAE0}"
EndProject
Project("{FAE04EC0-301F-11D3-BF4B-00C04F79EFBC}") = "MouserTests", "MouserTests\MouserTests.csproj", "{6A8DC17C-E30A-42D3-B8A9-EC6B9EEA9F56}"
EndProject
Global
	GlobalSection(SolutionConfigurationPlatforms) = preSolution
		Debug|Any CPU = Debug|Any CPU
		Release|Any CPU = Release|Any CPU
	EndGlobalSection
	GlobalSection(ProjectConfigurationPlatforms) = postSolution
		{C7187035-3A09-40AF-B3B7-D14FD32ADAE0}.Debug|Any CPU.ActiveCfg = Debug|Any CPU
		{C7187035-3A09-40AF-B3B7-D14FD32ADAE0}.Debug|Any CPU.Build.0 = Debug|Any CPU
		{C7187035-3A09-40AF-B3B7-D14FD32ADAE0}.Release|Any CPU.ActiveCfg = Release|Any CPU
		{C7187035-3A09-40AF-B3B7-D14FD32ADAE0}.Release|Any CPU.Build.0 = Release|Any CPU
		{6A8DC17C-E30A-42D3-B8A9-EC6B9EEA9F56}.Debug|Any CPU.ActiveCfg = Debug|Any CPU
		{6A8DC17C-E30A-42D3-B8A9-EC6B9EEA9F56}.Debug|Any CPU.Build.0 = Debug|Any CPU
		{6A8DC17C-E30A-42D3-B8A9-EC6B9EEA9F56}.Release|Any CPU.ActiveCfg = Release|Any CPU
		{6A8DC17C-E30A-42D3-B8A9-EC6B9EEA9F56}.Release|Any CPU.Build.0 = Release|Any CPU
	EndGlobalSection
EndGlobal
